
Microsoft Visual Studio Solution File, Format Version 12.00
# Visual Studio Version 17
VisualStudioVersion = 17.0.32014.148
MinimumVisualStudioVersion = 10.0.40219.1
Project("{FAE04EC0-301F-11D3-BF4B-00C04F79EFBC}") = "classlar home work", "classlar home work\classlar home work.csproj", "{47004EE0-592C-4DBE-8342-E530A1AC7194}"
EndProject
Global
	GlobalSection(SolutionConfigurationPlatforms) = preSolution
		Debug|Any CPU = Debug|Any CPU
		Release|Any CPU = Release|Any CPU
	EndGlobalSection
	GlobalSection(ProjectConfigurationPlatforms) = postSolution
		{47004EE0-592C-4DBE-8342-E530A1AC7194}.Debug|Any CPU.ActiveCfg = Debug|Any CPU
		{47004EE0-592C-4DBE-8342-E530A1AC7194}.Debug|Any CPU.Build.0 = Debug|Any CPU
		{47004EE0-592C-4DBE-8342-E530A1AC7194}.Release|Any CPU.ActiveCfg = Release|Any CPU
		{47004EE0-592C-4DBE-8342-E530A1AC7194}.Release|Any CPU.Build.0 = Release|Any CPU
	EndGlobalSection
	GlobalSection(SolutionProperties) = preSolution
		HideSolutionNode = FALSE
	EndGlobalSection
	GlobalSection(ExtensibilityGlobals) = postSolution
		SolutionGuid = {14204C06-CF4C-464E-BE06-6D2D02EAFBA6}
	EndGlobalSection
EndGlobal
